# This file was autogenerated by Stack.
# You should not edit this file by hand.
# For more information, please see the documentation at:
#   https://docs.haskellstack.org/en/stable/lock_files

packages:
- completed:
    name: hjsonpointer
    version: 1.5.0
    git: https://github.com/seagreen/hjsonpointer.git
    pantry-tree:
      size: 577
      sha256: f41f1ef41e8bde508a2b10aa6c2a910a65c87c5cfd01f23f4635a1c6ae3311d6
    commit: 75ed0d049c33274a6cb4c36c8538d4bf2ef9c30e
  original:
    git: https://github.com/seagreen/hjsonpointer.git
    commit: 75ed0d049c33274a6cb4c36c8538d4bf2ef9c30e
- completed:
    hackage: net-mqtt-0.8.0.0@sha256:8e7399d782ecd2edc9e58534f58e881a621ebd64fa10f28c3791b5f170df2385,4146
    pantry-tree:
      size: 701
      sha256: 102df8b02019b5b776788d5f518c4fefcd504daf163832ef530dc0c69505c622
  original:
    hackage: net-mqtt-0.8.0.0@sha256:8e7399d782ecd2edc9e58534f58e881a621ebd64fa10f28c3791b5f170df2385,4146
snapshots:
- completed:
    size: 585393
    url: https://raw.githubusercontent.com/commercialhaskell/stackage-snapshots/master/lts/18/0.yaml
    sha256: c632012da648385b9fa3c29f4e0afd56ead299f1c5528ee789058be410e883c0
  original: lts-18.0
