# This file was autogenerated by Stack.
# You should not edit this file by hand.
# For more information, please see the documentation at:
#   https://docs.haskellstack.org/en/stable/lock_files

packages:
- completed:
    name: hjsonpointer
    version: 1.5.0
    git: https://github.com/seagreen/hjsonpointer.git
    pantry-tree:
      size: 577
      sha256: f41f1ef41e8bde508a2b10aa6c2a910a65c87c5cfd01f23f4635a1c6ae3311d6
    commit: 75ed0d049c33274a6cb4c36c8538d4bf2ef9c30e
  original:
    git: https://github.com/seagreen/hjsonpointer.git
    commit: 75ed0d049c33274a6cb4c36c8538d4bf2ef9c30e
- completed:
    hackage: net-mqtt-0.8.0.1@sha256:fd65471253ae406f7be039f9465fc3a57f6e6490475d0036e36e392de7cac481,4146
    pantry-tree:
      size: 701
      sha256: a80e6400eeb6f296bd38a17aa6ebedeb338f76d6520509a0357669ae376afc0f
  original:
    hackage: net-mqtt-0.8.0.1@sha256:fd65471253ae406f7be039f9465fc3a57f6e6490475d0036e36e392de7cac481,4146
snapshots:
- completed:
    size: 585393
    url: https://raw.githubusercontent.com/commercialhaskell/stackage-snapshots/master/lts/18/0.yaml
    sha256: c632012da648385b9fa3c29f4e0afd56ead299f1c5528ee789058be410e883c0
  original: lts-18.0
