# This file was autogenerated by Stack.
# You should not edit this file by hand.
# For more information, please see the documentation at:
#   https://docs.haskellstack.org/en/stable/lock_files

packages:
- completed:
    name: hjsonpointer
    version: 1.5.0
    git: https://github.com/seagreen/hjsonpointer.git
    pantry-tree:
      size: 577
      sha256: f41f1ef41e8bde508a2b10aa6c2a910a65c87c5cfd01f23f4635a1c6ae3311d6
    commit: 75ed0d049c33274a6cb4c36c8538d4bf2ef9c30e
  original:
    git: https://github.com/seagreen/hjsonpointer.git
    commit: 75ed0d049c33274a6cb4c36c8538d4bf2ef9c30e
- completed:
    hackage: net-mqtt-0.8.0.2@sha256:def2fa42d89763550c758a2b367e54d3b23f1f9202c6e0fff8798f04b92f5333,4146
    pantry-tree:
      size: 701
      sha256: 839dcd69a478c4746b9f8739bc27243540efcf82a528739e0335081c7c50106a
  original:
    hackage: net-mqtt-0.8.0.2
snapshots:
- completed:
    size: 585817
    url: https://raw.githubusercontent.com/commercialhaskell/stackage-snapshots/master/lts/18/5.yaml
    sha256: 22d24d0dacad9c1450b9a174c28d203f9bb482a2a8da9710a2f2a9f4afee2887
  original: lts-18.5
